
Microsoft Visual Studio Solution File, Format Version 12.00
# Visual Studio Version 17
VisualStudioVersion = 17.9.34728.123
MinimumVisualStudioVersion = 10.0.40219.1
Project("{FAE04EC0-301F-11D3-BF4B-00C04F79EFBC}") = "acidphantasm-moretagcolours", "acidphantasm-moretagcolours.csproj", "{50BB7F63-E2F4-4F1B-9372-B91B8385E211}"
EndProject
Global
	GlobalSection(SolutionConfigurationPlatforms) = preSolution
		Debug|Any CPU = Debug|Any CPU
		Release|Any CPU = Release|Any CPU
	EndGlobalSection
	GlobalSection(ProjectConfigurationPlatforms) = postSolution
		{50BB7F63-E2F4-4F1B-9372-B91B8385E211}.Debug|Any CPU.ActiveCfg = Debug|Any CPU
		{50BB7F63-E2F4-4F1B-9372-B91B8385E211}.Debug|Any CPU.Build.0 = Debug|Any CPU
		{50BB7F63-E2F4-4F1B-9372-B91B8385E211}.Release|Any CPU.ActiveCfg = Release|Any CPU
		{50BB7F63-E2F4-4F1B-9372-B91B8385E211}.Release|Any CPU.Build.0 = Release|Any CPU
	EndGlobalSection
	GlobalSection(SolutionProperties) = preSolution
		HideSolutionNode = FALSE
	EndGlobalSection
	GlobalSection(ExtensibilityGlobals) = postSolution
		SolutionGuid = {2205D3A9-DCEE-4623-AE52-D2DACFCEBE2F}
	EndGlobalSection
EndGlobal
